// !$*UTF8*$!
{
	archiveVersion = 1;
	classes = {
	};
	objectVersion = 46;
	objects = {

/* Begin PBXBuildFile section */
		B43BE0191EB97A7700FCC59C /* ChartTitleView.m in Sources */ = {isa = PBXBuildFile; fileRef = B43BE0181EB97A7700FCC59C /* ChartTitleView.m */; };
		B43BE01C1EB97A8800FCC59C /* ChartCell.m in Sources */ = {isa = PBXBuildFile; fileRef = B43BE01B1EB97A8800FCC59C /* ChartCell.m */; };
		B48E28931E7BC528000DF8AF /* main.m in Sources */ = {isa = PBXBuildFile; fileRef = B48E28921E7BC528000DF8AF /* main.m */; };
		B48E28961E7BC528000DF8AF /* AppDelegate.m in Sources */ = {isa = PBXBuildFile; fileRef = B48E28951E7BC528000DF8AF /* AppDelegate.m */; };
		B48E28991E7BC528000DF8AF /* ViewController.m in Sources */ = {isa = PBXBuildFile; fileRef = B48E28981E7BC528000DF8AF /* ViewController.m */; };
		B48E289C1E7BC528000DF8AF /* Main.storyboard in Resources */ = {isa = PBXBuildFile; fileRef = B48E289A1E7BC528000DF8AF /* Main.storyboard */; };
		B48E289E1E7BC528000DF8AF /* Assets.xcassets in Resources */ = {isa = PBXBuildFile; fileRef = B48E289D1E7BC528000DF8AF /* Assets.xcassets */; };
		B48E28A11E7BC528000DF8AF /* LaunchScreen.storyboard in Resources */ = {isa = PBXBuildFile; fileRef = B48E289F1E7BC528000DF8AF /* LaunchScreen.storyboard */; };
		B48E28AC1E7BC528000DF8AF /* ConfigChartTests.m in Sources */ = {isa = PBXBuildFile; fileRef = B48E28AB1E7BC528000DF8AF /* ConfigChartTests.m */; };
		B48E28B71E7BC528000DF8AF /* ConfigChartUITests.m in Sources */ = {isa = PBXBuildFile; fileRef = B48E28B61E7BC528000DF8AF /* ConfigChartUITests.m */; };
		B4908D401E80DD2B001AB3CE /* UIView+Frame.m in Sources */ = {isa = PBXBuildFile; fileRef = B4908D3F1E80DD2B001AB3CE /* UIView+Frame.m */; };
/* End PBXBuildFile section */

/* Begin PBXContainerItemProxy section */
		B48E28A81E7BC528000DF8AF /* PBXContainerItemProxy */ = {
			isa = PBXContainerItemProxy;
			containerPortal = B48E28861E7BC528000DF8AF /* Project object */;
			proxyType = 1;
			remoteGlobalIDString = B48E288D1E7BC528000DF8AF;
			remoteInfo = ConfigChart;
		};
		B48E28B31E7BC528000DF8AF /* PBXContainerItemProxy */ = {
			isa = PBXContainerItemProxy;
			containerPortal = B48E28861E7BC528000DF8AF /* Project object */;
			proxyType = 1;
			remoteGlobalIDString = B48E288D1E7BC528000DF8AF;
			remoteInfo = ConfigChart;
		};
/* End PBXContainerItemProxy section */

/* Begin PBXFileReference section */
		B43BE0171EB97A7700FCC59C /* ChartTitleView.h */ = {isa = PBXFileReference; fileEncoding = 4; lastKnownFileType = sourcecode.c.h; path = ChartTitleView.h; sourceTree = "<group>"; };
		B43BE0181EB97A7700FCC59C /* ChartTitleView.m */ = {isa = PBXFileReference; fileEncoding = 4; lastKnownFileType = sourcecode.c.objc; path = ChartTitleView.m; sourceTree = "<group>"; };
		B43BE01A1EB97A8800FCC59C /* ChartCell.h */ = {isa = PBXFileReference; fileEncoding = 4; lastKnownFileType = sourcecode.c.h; path = ChartCell.h; sourceTree = "<group>"; };
		B43BE01B1EB97A8800FCC59C /* ChartCell.m */ = {isa = PBXFileReference; fileEncoding = 4; lastKnownFileType = sourcecode.c.objc; path = ChartCell.m; sourceTree = "<group>"; };
		B48E288E1E7BC528000DF8AF /* ConfigChart.app */ = {isa = PBXFileReference; explicitFileType = wrapper.application; includeInIndex = 0; path = ConfigChart.app; sourceTree = BUILT_PRODUCTS_DIR; };
		B48E28921E7BC528000DF8AF /* main.m */ = {isa = PBXFileReference; lastKnownFileType = sourcecode.c.objc; path = main.m; sourceTree = "<group>"; };
		B48E28941E7BC528000DF8AF /* AppDelegate.h */ = {isa = PBXFileReference; lastKnownFileType = sourcecode.c.h; path = AppDelegate.h; sourceTree = "<group>"; };
		B48E28951E7BC528000DF8AF /* AppDelegate.m */ = {isa = PBXFileReference; lastKnownFileType = sourcecode.c.objc; path = AppDelegate.m; sourceTree = "<group>"; };
		B48E28971E7BC528000DF8AF /* ViewController.h */ = {isa = PBXFileReference; lastKnownFileType = sourcecode.c.h; path = ViewController.h; sourceTree = "<group>"; };
		B48E28981E7BC528000DF8AF /* ViewController.m */ = {isa = PBXFileReference; lastKnownFileType = sourcecode.c.objc; path = ViewController.m; sourceTree = "<group>"; };
		B48E289B1E7BC528000DF8AF /* Base */ = {isa = PBXFileReference; lastKnownFileType = file.storyboard; name = Base; path = Base.lproj/Main.storyboard; sourceTree = "<group>"; };
		B48E289D1E7BC528000DF8AF /* Assets.xcassets */ = {isa = PBXFileReference; lastKnownFileType = folder.assetcatalog; path = Assets.xcassets; sourceTree = "<group>"; };
		B48E28A01E7BC528000DF8AF /* Base */ = {isa = PBXFileReference; lastKnownFileType = file.storyboard; name = Base; path = Base.lproj/LaunchScreen.storyboard; sourceTree = "<group>"; };
		B48E28A21E7BC528000DF8AF /* Info.plist */ = {isa = PBXFileReference; lastKnownFileType = text.plist.xml; path = Info.plist; sourceTree = "<group>"; };
		B48E28A71E7BC528000DF8AF /* ConfigChartTests.xctest */ = {isa = PBXFileReference; explicitFileType = wrapper.cfbundle; includeInIndex = 0; path = ConfigChartTests.xctest; sourceTree = BUILT_PRODUCTS_DIR; };
		B48E28AB1E7BC528000DF8AF /* ConfigChartTests.m */ = {isa = PBXFileReference; lastKnownFileType = sourcecode.c.objc; path = ConfigChartTests.m; sourceTree = "<group>"; };
		B48E28AD1E7BC528000DF8AF /* Info.plist */ = {isa = PBXFileReference; lastKnownFileType = text.plist.xml; path = Info.plist; sourceTree = "<group>"; };
		B48E28B21E7BC528000DF8AF /* ConfigChartUITests.xctest */ = {isa = PBXFileReference; explicitFileType = wrapper.cfbundle; includeInIndex = 0; path = ConfigChartUITests.xctest; sourceTree = BUILT_PRODUCTS_DIR; };
		B48E28B61E7BC528000DF8AF /* ConfigChartUITests.m */ = {isa = PBXFileReference; lastKnownFileType = sourcecode.c.objc; path = ConfigChartUITests.m; sourceTree = "<group>"; };
		B48E28B81E7BC528000DF8AF /* Info.plist */ = {isa = PBXFileReference; lastKnownFileType = text.plist.xml; path = Info.plist; sourceTree = "<group>"; };
		B4908D3E1E80DD2B001AB3CE /* UIView+Frame.h */ = {isa = PBXFileReference; fileEncoding = 4; lastKnownFileType = sourcecode.c.h; path = "UIView+Frame.h"; sourceTree = "<group>"; };
		B4908D3F1E80DD2B001AB3CE /* UIView+Frame.m */ = {isa = PBXFileReference; fileEncoding = 4; lastKnownFileType = sourcecode.c.objc; path = "UIView+Frame.m"; sourceTree = "<group>"; };
/* End PBXFileReference section */

/* Begin PBXFrameworksBuildPhase section */
		B48E288B1E7BC528000DF8AF /* Frameworks */ = {
			isa = PBXFrameworksBuildPhase;
			buildActionMask = 2147483647;
			files = (
			);
			runOnlyForDeploymentPostprocessing = 0;
		};
		B48E28A41E7BC528000DF8AF /* Frameworks */ = {
			isa = PBXFrameworksBuildPhase;
			buildActionMask = 2147483647;
			files = (
			);
			runOnlyForDeploymentPostprocessing = 0;
		};
		B48E28AF1E7BC528000DF8AF /* Frameworks */ = {
			isa = PBXFrameworksBuildPhase;
			buildActionMask = 2147483647;
			files = (
			);
			runOnlyForDeploymentPostprocessing = 0;
		};
/* End PBXFrameworksBuildPhase section */

/* Begin PBXGroup section */
		B48E28851E7BC528000DF8AF = {
			isa = PBXGroup;
			children = (
				B48E28901E7BC528000DF8AF /* ConfigChart */,
				B48E28AA1E7BC528000DF8AF /* ConfigChartTests */,
				B48E28B51E7BC528000DF8AF /* ConfigChartUITests */,
				B48E288F1E7BC528000DF8AF /* Products */,
			);
			sourceTree = "<group>";
		};
		B48E288F1E7BC528000DF8AF /* Products */ = {
			isa = PBXGroup;
			children = (
				B48E288E1E7BC528000DF8AF /* ConfigChart.app */,
				B48E28A71E7BC528000DF8AF /* ConfigChartTests.xctest */,
				B48E28B21E7BC528000DF8AF /* ConfigChartUITests.xctest */,
			);
			name = Products;
			sourceTree = "<group>";
		};
		B48E28901E7BC528000DF8AF /* ConfigChart */ = {
			isa = PBXGroup;
			children = (
				B43BE01A1EB97A8800FCC59C /* ChartCell.h */,
				B43BE01B1EB97A8800FCC59C /* ChartCell.m */,
				B43BE0171EB97A7700FCC59C /* ChartTitleView.h */,
				B43BE0181EB97A7700FCC59C /* ChartTitleView.m */,
				B4908D3E1E80DD2B001AB3CE /* UIView+Frame.h */,
				B4908D3F1E80DD2B001AB3CE /* UIView+Frame.m */,
				B48E28971E7BC528000DF8AF /* ViewController.h */,
				B48E28981E7BC528000DF8AF /* ViewController.m */,
				B48E289A1E7BC528000DF8AF /* Main.storyboard */,
				B48E289D1E7BC528000DF8AF /* Assets.xcassets */,
				B48E289F1E7BC528000DF8AF /* LaunchScreen.storyboard */,
				B48E28A21E7BC528000DF8AF /* Info.plist */,
				B48E28911E7BC528000DF8AF /* Supporting Files */,
			);
			path = ConfigChart;
			sourceTree = "<group>";
		};
		B48E28911E7BC528000DF8AF /* Supporting Files */ = {
			isa = PBXGroup;
			children = (
				B48E28941E7BC528000DF8AF /* AppDelegate.h */,
				B48E28951E7BC528000DF8AF /* AppDelegate.m */,
				B48E28921E7BC528000DF8AF /* main.m */,
			);
			name = "Supporting Files";
			sourceTree = "<group>";
		};
		B48E28AA1E7BC528000DF8AF /* ConfigChartTests */ = {
			isa = PBXGroup;
			children = (
				B48E28AB1E7BC528000DF8AF /* ConfigChartTests.m */,
				B48E28AD1E7BC528000DF8AF /* Info.plist */,
			);
			path = ConfigChartTests;
			sourceTree = "<group>";
		};
		B48E28B51E7BC528000DF8AF /* ConfigChartUITests */ = {
			isa = PBXGroup;
			children = (
				B48E28B61E7BC528000DF8AF /* ConfigChartUITests.m */,
				B48E28B81E7BC528000DF8AF /* Info.plist */,
			);
			path = ConfigChartUITests;
			sourceTree = "<group>";
		};
/* End PBXGroup section */

/* Begin PBXNativeTarget section */
		B48E288D1E7BC528000DF8AF /* ConfigChart */ = {
			isa = PBXNativeTarget;
			buildConfigurationList = B48E28BB1E7BC528000DF8AF /* Build configuration list for PBXNativeTarget "ConfigChart" */;
			buildPhases = (
				B48E288A1E7BC528000DF8AF /* Sources */,
				B48E288B1E7BC528000DF8AF /* Frameworks */,
				B48E288C1E7BC528000DF8AF /* Resources */,
			);
			buildRules = (
			);
			dependencies = (
			);
			name = ConfigChart;
			productName = ConfigChart;
			productReference = B48E288E1E7BC528000DF8AF /* ConfigChart.app */;
			productType = "com.apple.product-type.application";
		};
		B48E28A61E7BC528000DF8AF /* ConfigChartTests */ = {
			isa = PBXNativeTarget;
			buildConfigurationList = B48E28BE1E7BC528000DF8AF /* Build configuration list for PBXNativeTarget "ConfigChartTests" */;
			buildPhases = (
				B48E28A31E7BC528000DF8AF /* Sources */,
				B48E28A41E7BC528000DF8AF /* Frameworks */,
				B48E28A51E7BC528000DF8AF /* Resources */,
			);
			buildRules = (
			);
			dependencies = (
				B48E28A91E7BC528000DF8AF /* PBXTargetDependency */,
			);
			name = ConfigChartTests;
			productName = ConfigChartTests;
			productReference = B48E28A71E7BC528000DF8AF /* ConfigChartTests.xctest */;
			productType = "com.apple.product-type.bundle.unit-test";
		};
		B48E28B11E7BC528000DF8AF /* ConfigChartUITests */ = {
			isa = PBXNativeTarget;
			buildConfigurationList = B48E28C11E7BC528000DF8AF /* Build configuration list for PBXNativeTarget "ConfigChartUITests" */;
			buildPhases = (
				B48E28AE1E7BC528000DF8AF /* Sources */,
				B48E28AF1E7BC528000DF8AF /* Frameworks */,
				B48E28B01E7BC528000DF8AF /* Resources */,
			);
			buildRules = (
			);
			dependencies = (
				B48E28B41E7BC528000DF8AF /* PBXTargetDependency */,
			);
			name = ConfigChartUITests;
			productName = ConfigChartUITests;
			productReference = B48E28B21E7BC528000DF8AF /* ConfigChartUITests.xctest */;
			productType = "com.apple.product-type.bundle.ui-testing";
		};
/* End PBXNativeTarget section */

/* Begin PBXProject section */
		B48E28861E7BC528000DF8AF /* Project object */ = {
			isa = PBXProject;
			attributes = {
				LastUpgradeCheck = 0810;
				ORGANIZATIONNAME = YL;
				TargetAttributes = {
					B48E288D1E7BC528000DF8AF = {
						CreatedOnToolsVersion = 8.1;
						DevelopmentTeam = W55448EFBF;
						ProvisioningStyle = Automatic;
					};
					B48E28A61E7BC528000DF8AF = {
						CreatedOnToolsVersion = 8.1;
						DevelopmentTeam = W55448EFBF;
						ProvisioningStyle = Automatic;
						TestTargetID = B48E288D1E7BC528000DF8AF;
					};
					B48E28B11E7BC528000DF8AF = {
						CreatedOnToolsVersion = 8.1;
						DevelopmentTeam = W55448EFBF;
						ProvisioningStyle = Automatic;
						TestTargetID = B48E288D1E7BC528000DF8AF;
					};
				};
			};
			buildConfigurationList = B48E28891E7BC528000DF8AF /* Build configuration list for PBXProject "ConfigChart" */;
			compatibilityVersion = "Xcode 3.2";
			developmentRegion = English;
			hasScannedForEncodings = 0;
			knownRegions = (
				en,
				Base,
			);
			mainGroup = B48E28851E7BC528000DF8AF;
			productRefGroup = B48E288F1E7BC528000DF8AF /* Products */;
			projectDirPath = "";
			projectRoot = "";
			targets = (
				B48E288D1E7BC528000DF8AF /* ConfigChart */,
				B48E28A61E7BC528000DF8AF /* ConfigChartTests */,
				B48E28B11E7BC528000DF8AF /* ConfigChartUITests */,
			);
		};
/* End PBXProject section */

/* Begin PBXResourcesBuildPhase section */
		B48E288C1E7BC528000DF8AF /* Resources */ = {
			isa = PBXResourcesBuildPhase;
			buildActionMask = 2147483647;
			files = (
				B48E28A11E7BC528000DF8AF /* LaunchScreen.storyboard in Resources */,
				B48E289E1E7BC528000DF8AF /* Assets.xcassets in Resources */,
				B48E289C1E7BC528000DF8AF /* Main.storyboard in Resources */,
			);
			runOnlyForDeploymentPostprocessing = 0;
		};
		B48E28A51E7BC528000DF8AF /* Resources */ = {
			isa = PBXResourcesBuildPhase;
			buildActionMask = 2147483647;
			files = (
			);
			runOnlyForDeploymentPostprocessing = 0;
		};
		B48E28B01E7BC528000DF8AF /* Resources */ = {
			isa = PBXResourcesBuildPhase;
			buildActionMask = 2147483647;
			files = (
			);
			runOnlyForDeploymentPostprocessing = 0;
		};
/* End PBXResourcesBuildPhase section */

/* Begin PBXSourcesBuildPhase section */
		B48E288A1E7BC528000DF8AF /* Sources */ = {
			isa = PBXSourcesBuildPhase;
			buildActionMask = 2147483647;
			files = (
				B43BE0191EB97A7700FCC59C /* ChartTitleView.m in Sources */,
				B43BE01C1EB97A8800FCC59C /* ChartCell.m in Sources */,
				B48E28991E7BC528000DF8AF /* ViewController.m in Sources */,
				B48E28961E7BC528000DF8AF /* AppDelegate.m in Sources */,
				B48E28931E7BC528000DF8AF /* main.m in Sources */,
				B4908D401E80DD2B001AB3CE /* UIView+Frame.m in Sources */,
			);
			runOnlyForDeploymentPostprocessing = 0;
		};
		B48E28A31E7BC528000DF8AF /* Sources */ = {
			isa = PBXSourcesBuildPhase;
			buildActionMask = 2147483647;
			files = (
				B48E28AC1E7BC528000DF8AF /* ConfigChartTests.m in Sources */,
			);
			runOnlyForDeploymentPostprocessing = 0;
		};
		B48E28AE1E7BC528000DF8AF /* Sources */ = {
			isa = PBXSourcesBuildPhase;
			buildActionMask = 2147483647;
			files = (
				B48E28B71E7BC528000DF8AF /* ConfigChartUITests.m in Sources */,
			);
			runOnlyForDeploymentPostprocessing = 0;
		};
/* End PBXSourcesBuildPhase section */

/* Begin PBXTargetDependency section */
		B48E28A91E7BC528000DF8AF /* PBXTargetDependency */ = {
			isa = PBXTargetDependency;
			target = B48E288D1E7BC528000DF8AF /* ConfigChart */;
			targetProxy = B48E28A81E7BC528000DF8AF /* PBXContainerItemProxy */;
		};
		B48E28B41E7BC528000DF8AF /* PBXTargetDependency */ = {
			isa = PBXTargetDependency;
			target = B48E288D1E7BC528000DF8AF /* ConfigChart */;
			targetProxy = B48E28B31E7BC528000DF8AF /* PBXContainerItemProxy */;
		};
/* End PBXTargetDependency section */

/* Begin PBXVariantGroup section */
		B48E289A1E7BC528000DF8AF /* Main.storyboard */ = {
			isa = PBXVariantGroup;
			children = (
				B48E289B1E7BC528000DF8AF /* Base */,
			);
			name = Main.storyboard;
			sourceTree = "<group>";
		};
		B48E289F1E7BC528000DF8AF /* LaunchScreen.storyboard */ = {
			isa = PBXVariantGroup;
			children = (
				B48E28A01E7BC528000DF8AF /* Base */,
			);
			name = LaunchScreen.storyboard;
			sourceTree = "<group>";
		};
/* End PBXVariantGroup section */

/* Begin XCBuildConfiguration section */
		B48E28B91E7BC528000DF8AF /* Debug */ = {
			isa = XCBuildConfiguration;
			buildSettings = {
				ALWAYS_SEARCH_USER_PATHS = NO;
				CLANG_ANALYZER_NONNULL = YES;
				CLANG_CXX_LANGUAGE_STANDARD = "gnu++0x";
				CLANG_CXX_LIBRARY = "libc++";
				CLANG_ENABLE_MODULES = YES;
				CLANG_ENABLE_OBJC_ARC = YES;
				CLANG_WARN_BOOL_CONVERSION = YES;
				CLANG_WARN_CONSTANT_CONVERSION = YES;
				CLANG_WARN_DIRECT_OBJC_ISA_USAGE = YES_ERROR;
				CLANG_WARN_DOCUMENTATION_COMMENTS = YES;
				CLANG_WARN_EMPTY_BODY = YES;
				CLANG_WARN_ENUM_CONVERSION = YES;
				CLANG_WARN_INFINITE_RECURSION = YES;
				CLANG_WARN_INT_CONVERSION = YES;
				CLANG_WARN_OBJC_ROOT_CLASS = YES_ERROR;
				CLANG_WARN_SUSPICIOUS_MOVES = YES;
				CLANG_WARN_UNREACHABLE_CODE = YES;
				CLANG_WARN__DUPLICATE_METHOD_MATCH = YES;
				"CODE_SIGN_IDENTITY[sdk=iphoneos*]" = "iPhone Developer";
				COPY_PHASE_STRIP = NO;
				DEBUG_INFORMATION_FORMAT = dwarf;
				ENABLE_STRICT_OBJC_MSGSEND = YES;
				ENABLE_TESTABILITY = YES;
				GCC_C_LANGUAGE_STANDARD = gnu99;
				GCC_DYNAMIC_NO_PIC = NO;
				GCC_NO_COMMON_BLOCKS = YES;
				GCC_OPTIMIZATION_LEVEL = 0;
				GCC_PREPROCESSOR_DEFINITIONS = (
					"DEBUG=1",
					"$(inherited)",
				);
				GCC_WARN_64_TO_32_BIT_CONVERSION = YES;
				GCC_WARN_ABOUT_RETURN_TYPE = YES_ERROR;
				GCC_WARN_UNDECLARED_SELECTOR = YES;
				GCC_WARN_UNINITIALIZED_AUTOS = YES_AGGRESSIVE;
				GCC_WARN_UNUSED_FUNCTION = YES;
				GCC_WARN_UNUSED_VARIABLE = YES;
				IPHONEOS_DEPLOYMENT_TARGET = 8.0;
				MTL_ENABLE_DEBUG_INFO = YES;
				ONLY_ACTIVE_ARCH = YES;
				SDKROOT = iphoneos;
			};
			name = Debug;
		};
		B48E28BA1E7BC528000DF8AF /* Release */ = {
			isa = XCBuildConfiguration;
			buildSettings = {
				ALWAYS_SEARCH_USER_PATHS = NO;
				CLANG_ANALYZER_NONNULL = YES;
				CLANG_CXX_LANGUAGE_STANDARD = "gnu++0x";
				CLANG_CXX_LIBRARY = "libc++";
				CLANG_ENABLE_MODULES = YES;
				CLANG_ENABLE_OBJC_ARC = YES;
				CLANG_WARN_BOOL_CONVERSION = YES;
				CLANG_WARN_CONSTANT_CONVERSION = YES;
				CLANG_WARN_DIRECT_OBJC_ISA_USAGE = YES_ERROR;
				CLANG_WARN_DOCUMENTATION_COMMENTS = YES;
				CLANG_WARN_EMPTY_BODY = YES;
				CLANG_WARN_ENUM_CONVERSION = YES;
				CLANG_WARN_INFINITE_RECURSION = YES;
				CLANG_WARN_INT_CONVERSION = YES;
				CLANG_WARN_OBJC_ROOT_CLASS = YES_ERROR;
				CLANG_WARN_SUSPICIOUS_MOVES = YES;
				CLANG_WARN_UNREACHABLE_CODE = YES;
				CLANG_WARN__DUPLICATE_METHOD_MATCH = YES;
				"CODE_SIGN_IDENTITY[sdk=iphoneos*]" = "iPhone Developer";
				COPY_PHASE_STRIP = NO;
				DEBUG_INFORMATION_FORMAT = "dwarf-with-dsym";
				ENABLE_NS_ASSERTIONS = NO;
				ENABLE_STRICT_OBJC_MSGSEND = YES;
				GCC_C_LANGUAGE_STANDARD = gnu99;
				GCC_NO_COMMON_BLOCKS = YES;
				GCC_WARN_64_TO_32_BIT_CONVERSION = YES;
				GCC_WARN_ABOUT_RETURN_TYPE = YES_ERROR;
				GCC_WARN_UNDECLARED_SELECTOR = YES;
				GCC_WARN_UNINITIALIZED_AUTOS = YES_AGGRESSIVE;
				GCC_WARN_UNUSED_FUNCTION = YES;
				GCC_WARN_UNUSED_VARIABLE = YES;
				IPHONEOS_DEPLOYMENT_TARGET = 8.0;
				MTL_ENABLE_DEBUG_INFO = NO;
				SDKROOT = iphoneos;
				VALIDATE_PRODUCT = YES;
			};
			name = Release;
		};
		B48E28BC1E7BC528000DF8AF /* Debug */ = {
			isa = XCBuildConfiguration;
			buildSettings = {
				ASSETCATALOG_COMPILER_APPICON_NAME = AppIcon;
				DEVELOPMENT_TEAM = W55448EFBF;
				INFOPLIST_FILE = ConfigChart/Info.plist;
				LD_RUNPATH_SEARCH_PATHS = "$(inherited) @executable_path/Frameworks";
				PRODUCT_BUNDLE_IDENTIFIER = com.yeliang.ConfigChart1;
				PRODUCT_NAME = "$(TARGET_NAME)";
			};
			name = Debug;
		};
		B48E28BD1E7BC528000DF8AF /* Release */ = {
			isa = XCBuildConfiguration;
			buildSettings = {
				ASSETCATALOG_COMPILER_APPICON_NAME = AppIcon;
				DEVELOPMENT_TEAM = W55448EFBF;
				INFOPLIST_FILE = ConfigChart/Info.plist;
				LD_RUNPATH_SEARCH_PATHS = "$(inherited) @executable_path/Frameworks";
				PRODUCT_BUNDLE_IDENTIFIER = com.yeliang.ConfigChart1;
				PRODUCT_NAME = "$(TARGET_NAME)";
			};
			name = Release;
		};
		B48E28BF1E7BC528000DF8AF /* Debug */ = {
			isa = XCBuildConfiguration;
			buildSettings = {
				BUNDLE_LOADER = "$(TEST_HOST)";
				DEVELOPMENT_TEAM = W55448EFBF;
				INFOPLIST_FILE = ConfigChartTests/Info.plist;
				LD_RUNPATH_SEARCH_PATHS = "$(inherited) @executable_path/Frameworks @loader_path/Frameworks";
				PRODUCT_BUNDLE_IDENTIFIER = com.yeliang.ConfigChartTests;
				PRODUCT_NAME = "$(TARGET_NAME)";
				TEST_HOST = "$(BUILT_PRODUCTS_DIR)/ConfigChart.app/ConfigChart";
			};
			name = Debug;
		};
		B48E28C01E7BC528000DF8AF /* Release */ = {
			isa = XCBuildConfiguration;
			buildSettings = {
				BUNDLE_LOADER = "$(TEST_HOST)";
				DEVELOPMENT_TEAM = W55448EFBF;
				INFOPLIST_FILE = ConfigChartTests/Info.plist;
				LD_RUNPATH_SEARCH_PATHS = "$(inherited) @executable_path/Frameworks @loader_path/Frameworks";
				PRODUCT_BUNDLE_IDENTIFIER = com.yeliang.ConfigChartTests;
				PRODUCT_NAME = "$(TARGET_NAME)";
				TEST_HOST = "$(BUILT_PRODUCTS_DIR)/ConfigChart.app/ConfigChart";
			};
			name = Release;
		};
		B48E28C21E7BC528000DF8AF /* Debug */ = {
			isa = XCBuildConfiguration;
			buildSettings = {
				DEVELOPMENT_TEAM = W55448EFBF;
				INFOPLIST_FILE = ConfigChartUITests/Info.plist;
				LD_RUNPATH_SEARCH_PATHS = "$(inherited) @executable_path/Frameworks @loader_path/Frameworks";
				PRODUCT_BUNDLE_IDENTIFIER = com.yeliang.ConfigChartUITests;
				PRODUCT_NAME = "$(TARGET_NAME)";
				TEST_TARGET_NAME = ConfigChart;
			};
			name = Debug;
		};
		B48E28C31E7BC528000DF8AF /* Release */ = {
			isa = XCBuildConfiguration;
			buildSettings = {
				DEVELOPMENT_TEAM = W55448EFBF;
				INFOPLIST_FILE = ConfigChartUITests/Info.plist;
				LD_RUNPATH_SEARCH_PATHS = "$(inherited) @executable_path/Frameworks @loader_path/Frameworks";
				PRODUCT_BUNDLE_IDENTIFIER = com.yeliang.ConfigChartUITests;
				PRODUCT_NAME = "$(TARGET_NAME)";
				TEST_TARGET_NAME = ConfigChart;
			};
			name = Release;
		};
/* End XCBuildConfiguration section */

/* Begin XCConfigurationList section */
		B48E28891E7BC528000DF8AF /* Build configuration list for PBXProject "ConfigChart" */ = {
			isa = XCConfigurationList;
			buildConfigurations = (
				B48E28B91E7BC528000DF8AF /* Debug */,
				B48E28BA1E7BC528000DF8AF /* Release */,
			);
			defaultConfigurationIsVisible = 0;
			defaultConfigurationName = Release;
		};
		B48E28BB1E7BC528000DF8AF /* Build configuration list for PBXNativeTarget "ConfigChart" */ = {
			isa = XCConfigurationList;
			buildConfigurations = (
				B48E28BC1E7BC528000DF8AF /* Debug */,
				B48E28BD1E7BC528000DF8AF /* Release */,
			);
			defaultConfigurationIsVisible = 0;
			defaultConfigurationName = Release;
		};
		B48E28BE1E7BC528000DF8AF /* Build configuration list for PBXNativeTarget "ConfigChartTests" */ = {
			isa = XCConfigurationList;
			buildConfigurations = (
				B48E28BF1E7BC528000DF8AF /* Debug */,
				B48E28C01E7BC528000DF8AF /* Release */,
			);
			defaultConfigurationIsVisible = 0;
			defaultConfigurationName = Release;
		};
		B48E28C11E7BC528000DF8AF /* Build configuration list for PBXNativeTarget "ConfigChartUITests" */ = {
			isa = XCConfigurationList;
			buildConfigurations = (
				B48E28C21E7BC528000DF8AF /* Debug */,
				B48E28C31E7BC528000DF8AF /* Release */,
			);
			defaultConfigurationIsVisible = 0;
			defaultConfigurationName = Release;
		};
/* End XCConfigurationList section */
	};
	rootObject = B48E28861E7BC528000DF8AF /* Project object */;
}
